
Microsoft Visual Studio Solution File, Format Version 12.00
# Visual Studio Version 17
VisualStudioVersion = 17.7.34031.279
MinimumVisualStudioVersion = 10.0.40219.1
Project("{FAE04EC0-301F-11D3-BF4B-00C04F79EFBC}") = "api10", "api10\api10.csproj", "{6EC30444-0F42-4543-923A-26B8B9B82AFB}"
EndProject
Global
	GlobalSection(SolutionConfigurationPlatforms) = preSolution
		Debug|Any CPU = Debug|Any CPU
		Release|Any CPU = Release|Any CPU
	EndGlobalSection
	GlobalSection(ProjectConfigurationPlatforms) = postSolution
		{6EC30444-0F42-4543-923A-26B8B9B82AFB}.Debug|Any CPU.ActiveCfg = Debug|Any CPU
		{6EC30444-0F42-4543-923A-26B8B9B82AFB}.Debug|Any CPU.Build.0 = Debug|Any CPU
		{6EC30444-0F42-4543-923A-26B8B9B82AFB}.Release|Any CPU.ActiveCfg = Release|Any CPU
		{6EC30444-0F42-4543-923A-26B8B9B82AFB}.Release|Any CPU.Build.0 = Release|Any CPU
	EndGlobalSection
	GlobalSection(SolutionProperties) = preSolution
		HideSolutionNode = FALSE
	EndGlobalSection
	GlobalSection(ExtensibilityGlobals) = postSolution
		SolutionGuid = {207BB2A0-A677-4C6A-A27E-DA3B6AFCA2B0}
	EndGlobalSection
EndGlobal
